{
    "_meta": {
        "hash": {
            "sha256": "480eebb715417ff899b927b81d1de0939df6f827dd7d4146749f768bb81c7122"
        },
        "pipfile-spec": 6,
        "requires": {
            "python_version": "3.8"
        },
        "sources": [
            {
                "name": "pypi",
                "url": "https://pypi.python.org/simple",
                "verify_ssl": true
            }
        ]
    },
    "default": {
        "colorama": {
            "hashes": [
                "sha256:5941b2b48a20143d2267e95b1c2a7603ce057ee39fd88e7329b0c292aa16869b",
                "sha256:9f47eda37229f68eee03b24b9748937c7dc3868f906e8ba69fbcbdd3bc5dc3e2"
            ],
            "index": "pypi",
            "version": "==0.4.4"
        },
        "graphviz": {
            "hashes": [
                "sha256:2b85f105024e229ec330fe5067abbe9aa0d7708921a585ecc2bf56000bf5e027",
                "sha256:403b55553b235875fa521023a06d9c29b46f3a956f960d4e0a5b956bca9eb9ce"
            ],
            "index": "pypi",
            "version": "==0.15"
        },
        "llvmlite": {
            "hashes": [
                "sha256:10f444ab648fb4b0ca266d0dcd201892aa8051db11f5dc98dc79631fc6bbf528",
                "sha256:4b510150a5cba35f3014ce7614c4b4d2b8a5aeeebe930693825711d66c8f127f",
                "sha256:4d1ed8d1d20cf57fdfff8560740283c28f44b2dd6c3749e4677c3e19b914da0a",
                "sha256:6365f3bd781512506761e081ae88722f7acdd389ae486512d3612cdbbaf1b3f4",
                "sha256:6383bf98f71c0ccafb20ed1fc560127c26b8db9a2f3aeb09d2be4ae26c3d2674",
                "sha256:733c8a191fa8294abb4f6a699306339b19afce84c6fc29646b5c40be92fdee41",
                "sha256:75120207100c87ecf0a4bf297cd7da2ff04bf2a97aecfa2d327723f83e457779",
                "sha256:80e51d5aa02ad72da9870e89d21f9b152b0220ca551b4596a6c0614bcde336fc",
                "sha256:822975d3ad2861d163ce7b1474e32e6ca7c6a6e76143c461ffc43aedfb610857",
                "sha256:8381b5530b4064a913e0bf1fb5cdd714ddd1834e0496a9343c905be5683e013a",
                "sha256:9166ed996df3e345409bd4d98bae58e0b5e85eb2f4c32b186ff5c9ae93448da5",
                "sha256:aa844f9c0961799530915b45545c287bec1970399da27629a8d9e762ab55de9f",
                "sha256:c541226f3ceb5bd311ef4786ad0ccfff2ed10fa601b4788b7fe8164c16719ba0",
                "sha256:d5fcb329c3a8c69f280b57f91833f8a939e6688eebd4614cf6d3e04424ef3330",
                "sha256:d99059da5630d4c38b155ef0cccd34932a8d16e2c5d18b29ec6d6ec06ef3c8b7",
                "sha256:f36f1ee5905c5e91254376db7df9163aa7793cfd79220a98ef3c9b59895f0008"
            ],
            "version": "==0.35.0"
        },
        "numba": {
            "hashes": [
                "sha256:0115d0a69b3eacaa7d762b5c6b5f03179bb848470af7188785c03b2e1b3ca857",
                "sha256:17c799904ab890107895e376a52912b0bf8c05d60930acd6761d48ad3ee4f155",
                "sha256:1e60e29efe9f9b6f4378c3890a61701d961e76990ecfce4f0dd59bc728089f7d",
                "sha256:227c766ccc4730766a225d27b047b8099857fc5000d323e182d95fa4cd21ad13",
                "sha256:2edfdaff425c3ca88f67c8560fb1566de323259706b2af6c1116542d2a5a642d",
                "sha256:44661c5bd85e3d3619be0a40eedee34e397e9ccb3d4c458b70e10bf95d1ce933",
                "sha256:4a99d8110f92f1c03fb63d676083c0512c725b196b5513295808ef7402e4854a",
                "sha256:668bd792635914160e42f7fa900d9daa013bdaa9d6dae9f557454ac5bd084ba7",
                "sha256:774aae8b3cd90338a79bd2cabd4e2c28d470102019ecd7913d9f71dbdff36c04",
                "sha256:77b726448d778cb8637a50c3be151a14a7e698a4a7b1a698ac34160482505da5",
                "sha256:a19e543a254caca74acd494438ca30292854e0291e5e91a2e54b50714b4428c3",
                "sha256:a489119db86896d23b608bb77c2702cc72289d1281bcf123f4bc4cdec5e72879",
                "sha256:b213436ee6f8c18a92d5bc2e6129111c47e1b1cec890ddf8d7ae0b38f62da70e",
                "sha256:c6a8b52b260549a0496ee5a0e785153ddc26569c824da39775e762711ef53938",
                "sha256:e8e9274bda21782928bcdf4919cd1854fa1c0962461f385f6f5c686aeceed847",
                "sha256:ed9a3704827055c0882d9aff2f8785bcd9a5fe7eae044459cc0d5f3e0a80706b"
            ],
            "index": "pypi",
            "version": "==0.52.0"
        },
        "numpy": {
            "hashes": [
                "sha256:08308c38e44cc926bdfce99498b21eec1f848d24c302519e64203a8da99a97db",
                "sha256:09c12096d843b90eafd01ea1b3307e78ddd47a55855ad402b157b6c4862197ce",
                "sha256:13d166f77d6dc02c0a73c1101dd87fdf01339febec1030bd810dcd53fff3b0f1",
                "sha256:141ec3a3300ab89c7f2b0775289954d193cc8edb621ea05f99db9cb181530512",
                "sha256:16c1b388cc31a9baa06d91a19366fb99ddbe1c7b205293ed072211ee5bac1ed2",
                "sha256:18bed2bcb39e3f758296584337966e68d2d5ba6aab7e038688ad53c8f889f757",
                "sha256:1aeef46a13e51931c0b1cf8ae1168b4a55ecd282e6688fdb0a948cc5a1d5afb9",
                "sha256:27d3f3b9e3406579a8af3a9f262f5339005dd25e0ecf3cf1559ff8a49ed5cbf2",
                "sha256:2a2740aa9733d2e5b2dfb33639d98a64c3b0f24765fed86b0fd2aec07f6a0a08",
                "sha256:4377e10b874e653fe96985c05feed2225c912e328c8a26541f7fc600fb9c637b",
                "sha256:448ebb1b3bf64c0267d6b09a7cba26b5ae61b6d2dbabff7c91b660c7eccf2bdb",
                "sha256:50e86c076611212ca62e5a59f518edafe0c0730f7d9195fec718da1a5c2bb1fc",
                "sha256:5734bdc0342aba9dfc6f04920988140fb41234db42381cf7ccba64169f9fe7ac",
                "sha256:64324f64f90a9e4ef732be0928be853eee378fd6a01be21a0a8469c4f2682c83",
                "sha256:6ae6c680f3ebf1cf7ad1d7748868b39d9f900836df774c453c11c5440bc15b36",
                "sha256:6d7593a705d662be5bfe24111af14763016765f43cb6923ed86223f965f52387",
                "sha256:8cac8790a6b1ddf88640a9267ee67b1aee7a57dfa2d2dd33999d080bc8ee3a0f",
                "sha256:8ece138c3a16db8c1ad38f52eb32be6086cc72f403150a79336eb2045723a1ad",
                "sha256:9eeb7d1d04b117ac0d38719915ae169aa6b61fca227b0b7d198d43728f0c879c",
                "sha256:a09f98011236a419ee3f49cedc9ef27d7a1651df07810ae430a6b06576e0b414",
                "sha256:a5d897c14513590a85774180be713f692df6fa8ecf6483e561a6d47309566f37",
                "sha256:ad6f2ff5b1989a4899bf89800a671d71b1612e5ff40866d1f4d8bcf48d4e5764",
                "sha256:c42c4b73121caf0ed6cd795512c9c09c52a7287b04d105d112068c1736d7c753",
                "sha256:cb1017eec5257e9ac6209ac172058c430e834d5d2bc21961dceeb79d111e5909",
                "sha256:d6c7bb82883680e168b55b49c70af29b84b84abb161cbac2800e8fcb6f2109b6",
                "sha256:e452dc66e08a4ce642a961f134814258a082832c78c90351b75c41ad16f79f63",
                "sha256:e5b6ed0f0b42317050c88022349d994fe72bfe35f5908617512cd8c8ef9da2a9",
                "sha256:e9b30d4bd69498fc0c3fe9db5f62fffbb06b8eb9321f92cc970f2969be5e3949",
                "sha256:ec149b90019852266fec2341ce1db513b843e496d5a8e8cdb5ced1923a92faab",
                "sha256:edb01671b3caae1ca00881686003d16c2209e07b7ef8b7639f1867852b948f7c",
                "sha256:f0d3929fe88ee1c155129ecd82f981b8856c5d97bcb0d5f23e9b4242e79d1de3",
                "sha256:f29454410db6ef8126c83bd3c968d143304633d45dc57b51252afbd79d700893",
                "sha256:fe45becb4c2f72a0907c1d0246ea6449fe7a9e2293bb0e11c4e9a32bb0930a15",
                "sha256:fedbd128668ead37f33917820b704784aff695e0019309ad446a6d0b065b57e4"
            ],
            "version": "==1.19.4"
        }
    },
    "develop": {}
}
